
Microsoft Visual Studio Solution File, Format Version 12.00
# Visual Studio 14
VisualStudioVersion = 14.0.25420.1
MinimumVisualStudioVersion = 10.0.40219.1
Project("{FAE04EC0-301F-11D3-BF4B-00C04F79EFBC}") = "XZMCWJZS.DDD.Web", "XZMCWJZS.DDD.Web\XZMCWJZS.DDD.Web.csproj", "{A4CDEB28-CC52-4EEE-8C13-E029B46CB7E1}"
EndProject
Project("{FAE04EC0-301F-11D3-BF4B-00C04F79EFBC}") = "XZMCWJZS.DDD.Domain", "XZMCWJZS.DDD.Domain\XZMCWJZS.DDD.Domain.csproj", "{8D3F68C2-447F-471D-8670-207EB7D0F2C8}"
EndProject
Project("{FAE04EC0-301F-11D3-BF4B-00C04F79EFBC}") = "XZMCWJZS.DDD.DtoModel", "XZMCWJZS.DDD.DtoModel\XZMCWJZS.DDD.DtoModel.csproj", "{963F6500-5563-480E-B22E-F6581010D570}"
EndProject
Project("{FAE04EC0-301F-11D3-BF4B-00C04F79EFBC}") = "XZMCWJZS.DDD.Infrastructure", "XZMCWJZS.DDD.Infrastructure\XZMCWJZS.DDD.Infrastructure.csproj", "{4723825F-E29A-4B62-9601-6346A77CD32B}"
EndProject
Project("{FAE04EC0-301F-11D3-BF4B-00C04F79EFBC}") = "XZMCWJZS.DDD.Repository", "XZMCWJZS.DDD.Repository\XZMCWJZS.DDD.Repository.csproj", "{68FF401A-A93C-4B51-8ED3-59707CB1D3A8}"
EndProject
Project("{2150E333-8FDC-42A3-9474-1A3956D46DE8}") = "1.Web", "1.Web", "{B0E223EE-F9E3-475A-8CC7-E55BBC4B08F7}"
EndProject
Project("{2150E333-8FDC-42A3-9474-1A3956D46DE8}") = "2.Application", "2.Application", "{F5E1110F-6573-411D-BD3E-6BA0CDF939DD}"
EndProject
Project("{2150E333-8FDC-42A3-9474-1A3956D46DE8}") = "3.Domain", "3.Domain", "{C8FC0DF6-1A26-42BC-A887-6B3023B2E89C}"
EndProject
Project("{2150E333-8FDC-42A3-9474-1A3956D46DE8}") = "4.Infrastructure", "4.Infrastructure", "{5A97BD4E-54EC-4F5D-97A3-FD40E472739D}"
EndProject
Project("{FAE04EC0-301F-11D3-BF4B-00C04F79EFBC}") = "XZMCWJZS.DDD.WCF.Application", "XZMCWJZS.DDD.WCF.Application\XZMCWJZS.DDD.WCF.Application.csproj", "{8E6E4A16-642F-441B-AF74-B67933D00F92}"
EndProject
Global
	GlobalSection(SolutionConfigurationPlatforms) = preSolution
		Debug|Any CPU = Debug|Any CPU
		Release|Any CPU = Release|Any CPU
	EndGlobalSection
	GlobalSection(ProjectConfigurationPlatforms) = postSolution
		{A4CDEB28-CC52-4EEE-8C13-E029B46CB7E1}.Debug|Any CPU.ActiveCfg = Debug|Any CPU
		{A4CDEB28-CC52-4EEE-8C13-E029B46CB7E1}.Debug|Any CPU.Build.0 = Debug|Any CPU
		{A4CDEB28-CC52-4EEE-8C13-E029B46CB7E1}.Release|Any CPU.ActiveCfg = Release|Any CPU
		{A4CDEB28-CC52-4EEE-8C13-E029B46CB7E1}.Release|Any CPU.Build.0 = Release|Any CPU
		{8D3F68C2-447F-471D-8670-207EB7D0F2C8}.Debug|Any CPU.ActiveCfg = Debug|Any CPU
		{8D3F68C2-447F-471D-8670-207EB7D0F2C8}.Debug|Any CPU.Build.0 = Debug|Any CPU
		{8D3F68C2-447F-471D-8670-207EB7D0F2C8}.Release|Any CPU.ActiveCfg = Release|Any CPU
		{8D3F68C2-447F-471D-8670-207EB7D0F2C8}.Release|Any CPU.Build.0 = Release|Any CPU
		{963F6500-5563-480E-B22E-F6581010D570}.Debug|Any CPU.ActiveCfg = Debug|Any CPU
		{963F6500-5563-480E-B22E-F6581010D570}.Debug|Any CPU.Build.0 = Debug|Any CPU
		{963F6500-5563-480E-B22E-F6581010D570}.Release|Any CPU.ActiveCfg = Release|Any CPU
		{963F6500-5563-480E-B22E-F6581010D570}.Release|Any CPU.Build.0 = Release|Any CPU
		{4723825F-E29A-4B62-9601-6346A77CD32B}.Debug|Any CPU.ActiveCfg = Debug|Any CPU
		{4723825F-E29A-4B62-9601-6346A77CD32B}.Debug|Any CPU.Build.0 = Debug|Any CPU
		{4723825F-E29A-4B62-9601-6346A77CD32B}.Release|Any CPU.ActiveCfg = Release|Any CPU
		{4723825F-E29A-4B62-9601-6346A77CD32B}.Release|Any CPU.Build.0 = Release|Any CPU
		{68FF401A-A93C-4B51-8ED3-59707CB1D3A8}.Debug|Any CPU.ActiveCfg = Debug|Any CPU
		{68FF401A-A93C-4B51-8ED3-59707CB1D3A8}.Debug|Any CPU.Build.0 = Debug|Any CPU
		{68FF401A-A93C-4B51-8ED3-59707CB1D3A8}.Release|Any CPU.ActiveCfg = Release|Any CPU
		{68FF401A-A93C-4B51-8ED3-59707CB1D3A8}.Release|Any CPU.Build.0 = Release|Any CPU
		{8E6E4A16-642F-441B-AF74-B67933D00F92}.Debug|Any CPU.ActiveCfg = Debug|Any CPU
		{8E6E4A16-642F-441B-AF74-B67933D00F92}.Debug|Any CPU.Build.0 = Debug|Any CPU
		{8E6E4A16-642F-441B-AF74-B67933D00F92}.Release|Any CPU.ActiveCfg = Release|Any CPU
		{8E6E4A16-642F-441B-AF74-B67933D00F92}.Release|Any CPU.Build.0 = Release|Any CPU
	EndGlobalSection
	GlobalSection(SolutionProperties) = preSolution
		HideSolutionNode = FALSE
	EndGlobalSection
	GlobalSection(NestedProjects) = preSolution
		{A4CDEB28-CC52-4EEE-8C13-E029B46CB7E1} = {B0E223EE-F9E3-475A-8CC7-E55BBC4B08F7}
		{8D3F68C2-447F-471D-8670-207EB7D0F2C8} = {C8FC0DF6-1A26-42BC-A887-6B3023B2E89C}
		{963F6500-5563-480E-B22E-F6581010D570} = {5A97BD4E-54EC-4F5D-97A3-FD40E472739D}
		{4723825F-E29A-4B62-9601-6346A77CD32B} = {5A97BD4E-54EC-4F5D-97A3-FD40E472739D}
		{68FF401A-A93C-4B51-8ED3-59707CB1D3A8} = {5A97BD4E-54EC-4F5D-97A3-FD40E472739D}
		{8E6E4A16-642F-441B-AF74-B67933D00F92} = {F5E1110F-6573-411D-BD3E-6BA0CDF939DD}
	EndGlobalSection
EndGlobal
